// !$*UTF8*$!
{
	archiveVersion = 1;
	classes = {
	};
	objectVersion = 50;
	objects = {

/* Begin PBXBuildFile section */
		228C6FC1226437B400786B0C /* AppDelegate.swift in Sources */ = {isa = PBXBuildFile; fileRef = 228C6FC0226437B400786B0C /* AppDelegate.swift */; };
		228C6FC3226437B400786B0C /* ViewController.swift in Sources */ = {isa = PBXBuildFile; fileRef = 228C6FC2226437B400786B0C /* ViewController.swift */; };
		228C6FC6226437B400786B0C /* Main.storyboard in Resources */ = {isa = PBXBuildFile; fileRef = 228C6FC4226437B400786B0C /* Main.storyboard */; };
		228C6FC8226437B600786B0C /* Assets.xcassets in Resources */ = {isa = PBXBuildFile; fileRef = 228C6FC7226437B600786B0C /* Assets.xcassets */; };
		228C6FCB226437B600786B0C /* LaunchScreen.storyboard in Resources */ = {isa = PBXBuildFile; fileRef = 228C6FC9226437B600786B0C /* LaunchScreen.storyboard */; };
		228C6FD6226437B600786B0C /* Class03Tests.swift in Sources */ = {isa = PBXBuildFile; fileRef = 228C6FD5226437B600786B0C /* Class03Tests.swift */; };
		228C6FE1226437B600786B0C /* Class03UITests.swift in Sources */ = {isa = PBXBuildFile; fileRef = 228C6FE0226437B600786B0C /* Class03UITests.swift */; };
/* End PBXBuildFile section */

/* Begin PBXContainerItemProxy section */
		228C6FD2226437B600786B0C /* PBXContainerItemProxy */ = {
			isa = PBXContainerItemProxy;
			containerPortal = 228C6FB5226437B400786B0C /* Project object */;
			proxyType = 1;
			remoteGlobalIDString = 228C6FBC226437B400786B0C;
			remoteInfo = Class03;
		};
		228C6FDD226437B600786B0C /* PBXContainerItemProxy */ = {
			isa = PBXContainerItemProxy;
			containerPortal = 228C6FB5226437B400786B0C /* Project object */;
			proxyType = 1;
			remoteGlobalIDString = 228C6FBC226437B400786B0C;
			remoteInfo = Class03;
		};
/* End PBXContainerItemProxy section */

/* Begin PBXFileReference section */
		228C6FBD226437B400786B0C /* Class03.app */ = {isa = PBXFileReference; explicitFileType = wrapper.application; includeInIndex = 0; path = Class03.app; sourceTree = BUILT_PRODUCTS_DIR; };
		228C6FC0226437B400786B0C /* AppDelegate.swift */ = {isa = PBXFileReference; lastKnownFileType = sourcecode.swift; path = AppDelegate.swift; sourceTree = "<group>"; };
		228C6FC2226437B400786B0C /* ViewController.swift */ = {isa = PBXFileReference; lastKnownFileType = sourcecode.swift; path = ViewController.swift; sourceTree = "<group>"; };
		228C6FC5226437B400786B0C /* Base */ = {isa = PBXFileReference; lastKnownFileType = file.storyboard; name = Base; path = Base.lproj/Main.storyboard; sourceTree = "<group>"; };
		228C6FC7226437B600786B0C /* Assets.xcassets */ = {isa = PBXFileReference; lastKnownFileType = folder.assetcatalog; path = Assets.xcassets; sourceTree = "<group>"; };
		228C6FCA226437B600786B0C /* Base */ = {isa = PBXFileReference; lastKnownFileType = file.storyboard; name = Base; path = Base.lproj/LaunchScreen.storyboard; sourceTree = "<group>"; };
		228C6FCC226437B600786B0C /* Info.plist */ = {isa = PBXFileReference; lastKnownFileType = text.plist.xml; path = Info.plist; sourceTree = "<group>"; };
		228C6FD1226437B600786B0C /* Class03Tests.xctest */ = {isa = PBXFileReference; explicitFileType = wrapper.cfbundle; includeInIndex = 0; path = Class03Tests.xctest; sourceTree = BUILT_PRODUCTS_DIR; };
		228C6FD5226437B600786B0C /* Class03Tests.swift */ = {isa = PBXFileReference; lastKnownFileType = sourcecode.swift; path = Class03Tests.swift; sourceTree = "<group>"; };
		228C6FD7226437B600786B0C /* Info.plist */ = {isa = PBXFileReference; lastKnownFileType = text.plist.xml; path = Info.plist; sourceTree = "<group>"; };
		228C6FDC226437B600786B0C /* Class03UITests.xctest */ = {isa = PBXFileReference; explicitFileType = wrapper.cfbundle; includeInIndex = 0; path = Class03UITests.xctest; sourceTree = BUILT_PRODUCTS_DIR; };
		228C6FE0226437B600786B0C /* Class03UITests.swift */ = {isa = PBXFileReference; lastKnownFileType = sourcecode.swift; path = Class03UITests.swift; sourceTree = "<group>"; };
		228C6FE2226437B600786B0C /* Info.plist */ = {isa = PBXFileReference; lastKnownFileType = text.plist.xml; path = Info.plist; sourceTree = "<group>"; };
/* End PBXFileReference section */

/* Begin PBXFrameworksBuildPhase section */
		228C6FBA226437B400786B0C /* Frameworks */ = {
			isa = PBXFrameworksBuildPhase;
			buildActionMask = 2147483647;
			files = (
			);
			runOnlyForDeploymentPostprocessing = 0;
		};
		228C6FCE226437B600786B0C /* Frameworks */ = {
			isa = PBXFrameworksBuildPhase;
			buildActionMask = 2147483647;
			files = (
			);
			runOnlyForDeploymentPostprocessing = 0;
		};
		228C6FD9226437B600786B0C /* Frameworks */ = {
			isa = PBXFrameworksBuildPhase;
			buildActionMask = 2147483647;
			files = (
			);
			runOnlyForDeploymentPostprocessing = 0;
		};
/* End PBXFrameworksBuildPhase section */

/* Begin PBXGroup section */
		228C6FB4226437B400786B0C = {
			isa = PBXGroup;
			children = (
				228C6FBF226437B400786B0C /* Class03 */,
				228C6FD4226437B600786B0C /* Class03Tests */,
				228C6FDF226437B600786B0C /* Class03UITests */,
				228C6FBE226437B400786B0C /* Products */,
			);
			sourceTree = "<group>";
		};
		228C6FBE226437B400786B0C /* Products */ = {
			isa = PBXGroup;
			children = (
				228C6FBD226437B400786B0C /* Class03.app */,
				228C6FD1226437B600786B0C /* Class03Tests.xctest */,
				228C6FDC226437B600786B0C /* Class03UITests.xctest */,
			);
			name = Products;
			sourceTree = "<group>";
		};
		228C6FBF226437B400786B0C /* Class03 */ = {
			isa = PBXGroup;
			children = (
				228C6FC0226437B400786B0C /* AppDelegate.swift */,
				228C6FC2226437B400786B0C /* ViewController.swift */,
				228C6FC4226437B400786B0C /* Main.storyboard */,
				228C6FC7226437B600786B0C /* Assets.xcassets */,
				228C6FC9226437B600786B0C /* LaunchScreen.storyboard */,
				228C6FCC226437B600786B0C /* Info.plist */,
			);
			path = Class03;
			sourceTree = "<group>";
		};
		228C6FD4226437B600786B0C /* Class03Tests */ = {
			isa = PBXGroup;
			children = (
				228C6FD5226437B600786B0C /* Class03Tests.swift */,
				228C6FD7226437B600786B0C /* Info.plist */,
			);
			path = Class03Tests;
			sourceTree = "<group>";
		};
		228C6FDF226437B600786B0C /* Class03UITests */ = {
			isa = PBXGroup;
			children = (
				228C6FE0226437B600786B0C /* Class03UITests.swift */,
				228C6FE2226437B600786B0C /* Info.plist */,
			);
			path = Class03UITests;
			sourceTree = "<group>";
		};
/* End PBXGroup section */

/* Begin PBXNativeTarget section */
		228C6FBC226437B400786B0C /* Class03 */ = {
			isa = PBXNativeTarget;
			buildConfigurationList = 228C6FE5226437B600786B0C /* Build configuration list for PBXNativeTarget "Class03" */;
			buildPhases = (
				228C6FB9226437B400786B0C /* Sources */,
				228C6FBA226437B400786B0C /* Frameworks */,
				228C6FBB226437B400786B0C /* Resources */,
			);
			buildRules = (
			);
			dependencies = (
			);
			name = Class03;
			productName = Class03;
			productReference = 228C6FBD226437B400786B0C /* Class03.app */;
			productType = "com.apple.product-type.application";
		};
		228C6FD0226437B600786B0C /* Class03Tests */ = {
			isa = PBXNativeTarget;
			buildConfigurationList = 228C6FE8226437B600786B0C /* Build configuration list for PBXNativeTarget "Class03Tests" */;
			buildPhases = (
				228C6FCD226437B600786B0C /* Sources */,
				228C6FCE226437B600786B0C /* Frameworks */,
				228C6FCF226437B600786B0C /* Resources */,
			);
			buildRules = (
			);
			dependencies = (
				228C6FD3226437B600786B0C /* PBXTargetDependency */,
			);
			name = Class03Tests;
			productName = Class03Tests;
			productReference = 228C6FD1226437B600786B0C /* Class03Tests.xctest */;
			productType = "com.apple.product-type.bundle.unit-test";
		};
		228C6FDB226437B600786B0C /* Class03UITests */ = {
			isa = PBXNativeTarget;
			buildConfigurationList = 228C6FEB226437B600786B0C /* Build configuration list for PBXNativeTarget "Class03UITests" */;
			buildPhases = (
				228C6FD8226437B600786B0C /* Sources */,
				228C6FD9226437B600786B0C /* Frameworks */,
				228C6FDA226437B600786B0C /* Resources */,
			);
			buildRules = (
			);
			dependencies = (
				228C6FDE226437B600786B0C /* PBXTargetDependency */,
			);
			name = Class03UITests;
			productName = Class03UITests;
			productReference = 228C6FDC226437B600786B0C /* Class03UITests.xctest */;
			productType = "com.apple.product-type.bundle.ui-testing";
		};
/* End PBXNativeTarget section */

/* Begin PBXProject section */
		228C6FB5226437B400786B0C /* Project object */ = {
			isa = PBXProject;
			attributes = {
				LastSwiftUpdateCheck = 1020;
				LastUpgradeCheck = 1020;
				ORGANIZATIONNAME = "Chang Chi-Chao";
				TargetAttributes = {
					228C6FBC226437B400786B0C = {
						CreatedOnToolsVersion = 10.2;
					};
					228C6FD0226437B600786B0C = {
						CreatedOnToolsVersion = 10.2;
						TestTargetID = 228C6FBC226437B400786B0C;
					};
					228C6FDB226437B600786B0C = {
						CreatedOnToolsVersion = 10.2;
						TestTargetID = 228C6FBC226437B400786B0C;
					};
				};
			};
			buildConfigurationList = 228C6FB8226437B400786B0C /* Build configuration list for PBXProject "Class03" */;
			compatibilityVersion = "Xcode 9.3";
			developmentRegion = en;
			hasScannedForEncodings = 0;
			knownRegions = (
				en,
				Base,
			);
			mainGroup = 228C6FB4226437B400786B0C;
			productRefGroup = 228C6FBE226437B400786B0C /* Products */;
			projectDirPath = "";
			projectRoot = "";
			targets = (
				228C6FBC226437B400786B0C /* Class03 */,
				228C6FD0226437B600786B0C /* Class03Tests */,
				228C6FDB226437B600786B0C /* Class03UITests */,
			);
		};
/* End PBXProject section */

/* Begin PBXResourcesBuildPhase section */
		228C6FBB226437B400786B0C /* Resources */ = {
			isa = PBXResourcesBuildPhase;
			buildActionMask = 2147483647;
			files = (
				228C6FCB226437B600786B0C /* LaunchScreen.storyboard in Resources */,
				228C6FC8226437B600786B0C /* Assets.xcassets in Resources */,
				228C6FC6226437B400786B0C /* Main.storyboard in Resources */,
			);
			runOnlyForDeploymentPostprocessing = 0;
		};
		228C6FCF226437B600786B0C /* Resources */ = {
			isa = PBXResourcesBuildPhase;
			buildActionMask = 2147483647;
			files = (
			);
			runOnlyForDeploymentPostprocessing = 0;
		};
		228C6FDA226437B600786B0C /* Resources */ = {
			isa = PBXResourcesBuildPhase;
			buildActionMask = 2147483647;
			files = (
			);
			runOnlyForDeploymentPostprocessing = 0;
		};
/* End PBXResourcesBuildPhase section */

/* Begin PBXSourcesBuildPhase section */
		228C6FB9226437B400786B0C /* Sources */ = {
			isa = PBXSourcesBuildPhase;
			buildActionMask = 2147483647;
			files = (
				228C6FC3226437B400786B0C /* ViewController.swift in Sources */,
				228C6FC1226437B400786B0C /* AppDelegate.swift in Sources */,
			);
			runOnlyForDeploymentPostprocessing = 0;
		};
		228C6FCD226437B600786B0C /* Sources */ = {
			isa = PBXSourcesBuildPhase;
			buildActionMask = 2147483647;
			files = (
				228C6FD6226437B600786B0C /* Class03Tests.swift in Sources */,
			);
			runOnlyForDeploymentPostprocessing = 0;
		};
		228C6FD8226437B600786B0C /* Sources */ = {
			isa = PBXSourcesBuildPhase;
			buildActionMask = 2147483647;
			files = (
				228C6FE1226437B600786B0C /* Class03UITests.swift in Sources */,
			);
			runOnlyForDeploymentPostprocessing = 0;
		};
/* End PBXSourcesBuildPhase section */

/* Begin PBXTargetDependency section */
		228C6FD3226437B600786B0C /* PBXTargetDependency */ = {
			isa = PBXTargetDependency;
			target = 228C6FBC226437B400786B0C /* Class03 */;
			targetProxy = 228C6FD2226437B600786B0C /* PBXContainerItemProxy */;
		};
		228C6FDE226437B600786B0C /* PBXTargetDependency */ = {
			isa = PBXTargetDependency;
			target = 228C6FBC226437B400786B0C /* Class03 */;
			targetProxy = 228C6FDD226437B600786B0C /* PBXContainerItemProxy */;
		};
/* End PBXTargetDependency section */

/* Begin PBXVariantGroup section */
		228C6FC4226437B400786B0C /* Main.storyboard */ = {
			isa = PBXVariantGroup;
			children = (
				228C6FC5226437B400786B0C /* Base */,
			);
			name = Main.storyboard;
			sourceTree = "<group>";
		};
		228C6FC9226437B600786B0C /* LaunchScreen.storyboard */ = {
			isa = PBXVariantGroup;
			children = (
				228C6FCA226437B600786B0C /* Base */,
			);
			name = LaunchScreen.storyboard;
			sourceTree = "<group>";
		};
/* End PBXVariantGroup section */

/* Begin XCBuildConfiguration section */
		228C6FE3226437B600786B0C /* Debug */ = {
			isa = XCBuildConfiguration;
			buildSettings = {
				ALWAYS_SEARCH_USER_PATHS = NO;
				CLANG_ANALYZER_NONNULL = YES;
				CLANG_ANALYZER_NUMBER_OBJECT_CONVERSION = YES_AGGRESSIVE;
				CLANG_CXX_LANGUAGE_STANDARD = "gnu++14";
				CLANG_CXX_LIBRARY = "libc++";
				CLANG_ENABLE_MODULES = YES;
				CLANG_ENABLE_OBJC_ARC = YES;
				CLANG_ENABLE_OBJC_WEAK = YES;
				CLANG_WARN_BLOCK_CAPTURE_AUTORELEASING = YES;
				CLANG_WARN_BOOL_CONVERSION = YES;
				CLANG_WARN_COMMA = YES;
				CLANG_WARN_CONSTANT_CONVERSION = YES;
				CLANG_WARN_DEPRECATED_OBJC_IMPLEMENTATIONS = YES;
				CLANG_WARN_DIRECT_OBJC_ISA_USAGE = YES_ERROR;
				CLANG_WARN_DOCUMENTATION_COMMENTS = YES;
				CLANG_WARN_EMPTY_BODY = YES;
				CLANG_WARN_ENUM_CONVERSION = YES;
				CLANG_WARN_INFINITE_RECURSION = YES;
				CLANG_WARN_INT_CONVERSION = YES;
				CLANG_WARN_NON_LITERAL_NULL_CONVERSION = YES;
				CLANG_WARN_OBJC_IMPLICIT_RETAIN_SELF = YES;
				CLANG_WARN_OBJC_LITERAL_CONVERSION = YES;
				CLANG_WARN_OBJC_ROOT_CLASS = YES_ERROR;
				CLANG_WARN_RANGE_LOOP_ANALYSIS = YES;
				CLANG_WARN_STRICT_PROTOTYPES = YES;
				CLANG_WARN_SUSPICIOUS_MOVE = YES;
				CLANG_WARN_UNGUARDED_AVAILABILITY = YES_AGGRESSIVE;
				CLANG_WARN_UNREACHABLE_CODE = YES;
				CLANG_WARN__DUPLICATE_METHOD_MATCH = YES;
				CODE_SIGN_IDENTITY = "iPhone Developer";
				COPY_PHASE_STRIP = NO;
				DEBUG_INFORMATION_FORMAT = dwarf;
				ENABLE_STRICT_OBJC_MSGSEND = YES;
				ENABLE_TESTABILITY = YES;
				GCC_C_LANGUAGE_STANDARD = gnu11;
				GCC_DYNAMIC_NO_PIC = NO;
				GCC_NO_COMMON_BLOCKS = YES;
				GCC_OPTIMIZATION_LEVEL = 0;
				GCC_PREPROCESSOR_DEFINITIONS = (
					"DEBUG=1",
					"$(inherited)",
				);
				GCC_WARN_64_TO_32_BIT_CONVERSION = YES;
				GCC_WARN_ABOUT_RETURN_TYPE = YES_ERROR;
				GCC_WARN_UNDECLARED_SELECTOR = YES;
				GCC_WARN_UNINITIALIZED_AUTOS = YES_AGGRESSIVE;
				GCC_WARN_UNUSED_FUNCTION = YES;
				GCC_WARN_UNUSED_VARIABLE = YES;
				IPHONEOS_DEPLOYMENT_TARGET = 12.2;
				MTL_ENABLE_DEBUG_INFO = INCLUDE_SOURCE;
				MTL_FAST_MATH = YES;
				ONLY_ACTIVE_ARCH = YES;
				SDKROOT = iphoneos;
				SWIFT_ACTIVE_COMPILATION_CONDITIONS = DEBUG;
				SWIFT_OPTIMIZATION_LEVEL = "-Onone";
			};
			name = Debug;
		};
		228C6FE4226437B600786B0C /* Release */ = {
			isa = XCBuildConfiguration;
			buildSettings = {
				ALWAYS_SEARCH_USER_PATHS = NO;
				CLANG_ANALYZER_NONNULL = YES;
				CLANG_ANALYZER_NUMBER_OBJECT_CONVERSION = YES_AGGRESSIVE;
				CLANG_CXX_LANGUAGE_STANDARD = "gnu++14";
				CLANG_CXX_LIBRARY = "libc++";
				CLANG_ENABLE_MODULES = YES;
				CLANG_ENABLE_OBJC_ARC = YES;
				CLANG_ENABLE_OBJC_WEAK = YES;
				CLANG_WARN_BLOCK_CAPTURE_AUTORELEASING = YES;
				CLANG_WARN_BOOL_CONVERSION = YES;
				CLANG_WARN_COMMA = YES;
				CLANG_WARN_CONSTANT_CONVERSION = YES;
				CLANG_WARN_DEPRECATED_OBJC_IMPLEMENTATIONS = YES;
				CLANG_WARN_DIRECT_OBJC_ISA_USAGE = YES_ERROR;
				CLANG_WARN_DOCUMENTATION_COMMENTS = YES;
				CLANG_WARN_EMPTY_BODY = YES;
				CLANG_WARN_ENUM_CONVERSION = YES;
				CLANG_WARN_INFINITE_RECURSION = YES;
				CLANG_WARN_INT_CONVERSION = YES;
				CLANG_WARN_NON_LITERAL_NULL_CONVERSION = YES;
				CLANG_WARN_OBJC_IMPLICIT_RETAIN_SELF = YES;
				CLANG_WARN_OBJC_LITERAL_CONVERSION = YES;
				CLANG_WARN_OBJC_ROOT_CLASS = YES_ERROR;
				CLANG_WARN_RANGE_LOOP_ANALYSIS = YES;
				CLANG_WARN_STRICT_PROTOTYPES = YES;
				CLANG_WARN_SUSPICIOUS_MOVE = YES;
				CLANG_WARN_UNGUARDED_AVAILABILITY = YES_AGGRESSIVE;
				CLANG_WARN_UNREACHABLE_CODE = YES;
				CLANG_WARN__DUPLICATE_METHOD_MATCH = YES;
				CODE_SIGN_IDENTITY = "iPhone Developer";
				COPY_PHASE_STRIP = NO;
				DEBUG_INFORMATION_FORMAT = "dwarf-with-dsym";
				ENABLE_NS_ASSERTIONS = NO;
				ENABLE_STRICT_OBJC_MSGSEND = YES;
				GCC_C_LANGUAGE_STANDARD = gnu11;
				GCC_NO_COMMON_BLOCKS = YES;
				GCC_WARN_64_TO_32_BIT_CONVERSION = YES;
				GCC_WARN_ABOUT_RETURN_TYPE = YES_ERROR;
				GCC_WARN_UNDECLARED_SELECTOR = YES;
				GCC_WARN_UNINITIALIZED_AUTOS = YES_AGGRESSIVE;
				GCC_WARN_UNUSED_FUNCTION = YES;
				GCC_WARN_UNUSED_VARIABLE = YES;
				IPHONEOS_DEPLOYMENT_TARGET = 12.2;
				MTL_ENABLE_DEBUG_INFO = NO;
				MTL_FAST_MATH = YES;
				SDKROOT = iphoneos;
				SWIFT_COMPILATION_MODE = wholemodule;
				SWIFT_OPTIMIZATION_LEVEL = "-O";
				VALIDATE_PRODUCT = YES;
			};
			name = Release;
		};
		228C6FE6226437B600786B0C /* Debug */ = {
			isa = XCBuildConfiguration;
			buildSettings = {
				ASSETCATALOG_COMPILER_APPICON_NAME = AppIcon;
				CODE_SIGN_STYLE = Automatic;
				INFOPLIST_FILE = Class03/Info.plist;
				LD_RUNPATH_SEARCH_PATHS = (
					"$(inherited)",
					"@executable_path/Frameworks",
				);
				PRODUCT_BUNDLE_IDENTIFIER = cjcu.edu.Class03;
				PRODUCT_NAME = "$(TARGET_NAME)";
				SWIFT_VERSION = 5.0;
				TARGETED_DEVICE_FAMILY = "1,2";
			};
			name = Debug;
		};
		228C6FE7226437B600786B0C /* Release */ = {
			isa = XCBuildConfiguration;
			buildSettings = {
				ASSETCATALOG_COMPILER_APPICON_NAME = AppIcon;
				CODE_SIGN_STYLE = Automatic;
				INFOPLIST_FILE = Class03/Info.plist;
				LD_RUNPATH_SEARCH_PATHS = (
					"$(inherited)",
					"@executable_path/Frameworks",
				);
				PRODUCT_BUNDLE_IDENTIFIER = cjcu.edu.Class03;
				PRODUCT_NAME = "$(TARGET_NAME)";
				SWIFT_VERSION = 5.0;
				TARGETED_DEVICE_FAMILY = "1,2";
			};
			name = Release;
		};
		228C6FE9226437B600786B0C /* Debug */ = {
			isa = XCBuildConfiguration;
			buildSettings = {
				ALWAYS_EMBED_SWIFT_STANDARD_LIBRARIES = YES;
				BUNDLE_LOADER = "$(TEST_HOST)";
				CODE_SIGN_STYLE = Automatic;
				INFOPLIST_FILE = Class03Tests/Info.plist;
				LD_RUNPATH_SEARCH_PATHS = (
					"$(inherited)",
					"@executable_path/Frameworks",
					"@loader_path/Frameworks",
				);
				PRODUCT_BUNDLE_IDENTIFIER = cjcu.edu.Class03Tests;
				PRODUCT_NAME = "$(TARGET_NAME)";
				SWIFT_VERSION = 5.0;
				TARGETED_DEVICE_FAMILY = "1,2";
				TEST_HOST = "$(BUILT_PRODUCTS_DIR)/Class03.app/Class03";
			};
			name = Debug;
		};
		228C6FEA226437B600786B0C /* Release */ = {
			isa = XCBuildConfiguration;
			buildSettings = {
				ALWAYS_EMBED_SWIFT_STANDARD_LIBRARIES = YES;
				BUNDLE_LOADER = "$(TEST_HOST)";
				CODE_SIGN_STYLE = Automatic;
				INFOPLIST_FILE = Class03Tests/Info.plist;
				LD_RUNPATH_SEARCH_PATHS = (
					"$(inherited)",
					"@executable_path/Frameworks",
					"@loader_path/Frameworks",
				);
				PRODUCT_BUNDLE_IDENTIFIER = cjcu.edu.Class03Tests;
				PRODUCT_NAME = "$(TARGET_NAME)";
				SWIFT_VERSION = 5.0;
				TARGETED_DEVICE_FAMILY = "1,2";
				TEST_HOST = "$(BUILT_PRODUCTS_DIR)/Class03.app/Class03";
			};
			name = Release;
		};
		228C6FEC226437B600786B0C /* Debug */ = {
			isa = XCBuildConfiguration;
			buildSettings = {
				ALWAYS_EMBED_SWIFT_STANDARD_LIBRARIES = YES;
				CODE_SIGN_STYLE = Automatic;
				INFOPLIST_FILE = Class03UITests/Info.plist;
				LD_RUNPATH_SEARCH_PATHS = (
					"$(inherited)",
					"@executable_path/Frameworks",
					"@loader_path/Frameworks",
				);
				PRODUCT_BUNDLE_IDENTIFIER = cjcu.edu.Class03UITests;
				PRODUCT_NAME = "$(TARGET_NAME)";
				SWIFT_VERSION = 5.0;
				TARGETED_DEVICE_FAMILY = "1,2";
				TEST_TARGET_NAME = Class03;
			};
			name = Debug;
		};
		228C6FED226437B600786B0C /* Release */ = {
			isa = XCBuildConfiguration;
			buildSettings = {
				ALWAYS_EMBED_SWIFT_STANDARD_LIBRARIES = YES;
				CODE_SIGN_STYLE = Automatic;
				INFOPLIST_FILE = Class03UITests/Info.plist;
				LD_RUNPATH_SEARCH_PATHS = (
					"$(inherited)",
					"@executable_path/Frameworks",
					"@loader_path/Frameworks",
				);
				PRODUCT_BUNDLE_IDENTIFIER = cjcu.edu.Class03UITests;
				PRODUCT_NAME = "$(TARGET_NAME)";
				SWIFT_VERSION = 5.0;
				TARGETED_DEVICE_FAMILY = "1,2";
				TEST_TARGET_NAME = Class03;
			};
			name = Release;
		};
/* End XCBuildConfiguration section */

/* Begin XCConfigurationList section */
		228C6FB8226437B400786B0C /* Build configuration list for PBXProject "Class03" */ = {
			isa = XCConfigurationList;
			buildConfigurations = (
				228C6FE3226437B600786B0C /* Debug */,
				228C6FE4226437B600786B0C /* Release */,
			);
			defaultConfigurationIsVisible = 0;
			defaultConfigurationName = Release;
		};
		228C6FE5226437B600786B0C /* Build configuration list for PBXNativeTarget "Class03" */ = {
			isa = XCConfigurationList;
			buildConfigurations = (
				228C6FE6226437B600786B0C /* Debug */,
				228C6FE7226437B600786B0C /* Release */,
			);
			defaultConfigurationIsVisible = 0;
			defaultConfigurationName = Release;
		};
		228C6FE8226437B600786B0C /* Build configuration list for PBXNativeTarget "Class03Tests" */ = {
			isa = XCConfigurationList;
			buildConfigurations = (
				228C6FE9226437B600786B0C /* Debug */,
				228C6FEA226437B600786B0C /* Release */,
			);
			defaultConfigurationIsVisible = 0;
			defaultConfigurationName = Release;
		};
		228C6FEB226437B600786B0C /* Build configuration list for PBXNativeTarget "Class03UITests" */ = {
			isa = XCConfigurationList;
			buildConfigurations = (
				228C6FEC226437B600786B0C /* Debug */,
				228C6FED226437B600786B0C /* Release */,
			);
			defaultConfigurationIsVisible = 0;
			defaultConfigurationName = Release;
		};
/* End XCConfigurationList section */
	};
	rootObject = 228C6FB5226437B400786B0C /* Project object */;
}
